
Microsoft Visual Studio Solution File, Format Version 12.00
# Visual Studio Version 17
VisualStudioVersion = 17.11.35303.130
MinimumVisualStudioVersion = 10.0.40219.1
Project("{2150E333-8FDC-42A3-9474-1A3956D46DE8}") = "Task0", "Task0", "{2D77219B-07EE-4F53-B8E3-171715294BC9}"
EndProject
Project("{9A19103F-16F7-4668-BE54-9A1E7A4F7556}") = "Tyuiu.DikanovAA.Sprint6.Task0.V27.Lib", "Tyuiu.DikanovAA.Sprint6.Task0.V27.Lib\Tyuiu.DikanovAA.Sprint6.Task0.V27.Lib.csproj", "{233D9CF8-19F8-4CE3-8C6A-BDC14B2A1B86}"
EndProject
Project("{9A19103F-16F7-4668-BE54-9A1E7A4F7556}") = "Tyuiu.DikanovAA.Sprint6.Task0.V27.Test", "Tyuiu.DikanovAA.Sprint6.Task0.V27.Test\Tyuiu.DikanovAA.Sprint6.Task0.V27.Test.csproj", "{3D9AA220-0FC4-48F7-B3E4-40274E8A0227}"
EndProject
Project("{9A19103F-16F7-4668-BE54-9A1E7A4F7556}") = "Tyuiu.DikanovAA.Sprint6.Task0.V27", "Tyuiu.DikanovAA.Sprint6.Task0.V27\Tyuiu.DikanovAA.Sprint6.Task0.V27.csproj", "{D0ABBF6A-1982-445B-A13F-ADC9823D79C9}"
EndProject
Project("{2150E333-8FDC-42A3-9474-1A3956D46DE8}") = "Task1", "Task1", "{4031F28D-AAFF-48B9-B337-C2920C1F5327}"
EndProject
Project("{9A19103F-16F7-4668-BE54-9A1E7A4F7556}") = "Tyuiu.DikanovAA.Sprint6.Task1.V25.Lib", "Tyuiu.DikanovAA.Sprint6.Task1.V25.Lib\Tyuiu.DikanovAA.Sprint6.Task1.V25.Lib.csproj", "{BCB0D903-E1B1-4F45-89A8-31E9366A6F58}"
EndProject
Project("{9A19103F-16F7-4668-BE54-9A1E7A4F7556}") = "Tyuiu.DikanovAA.Sprint6.Task1.V25.Test", "Tyuiu.DikanovAA.Sprint6.Task1.V25.Test\Tyuiu.DikanovAA.Sprint6.Task1.V25.Test.csproj", "{D54B3649-D28C-4940-8083-D22AB19FB997}"
EndProject
Project("{9A19103F-16F7-4668-BE54-9A1E7A4F7556}") = "Tyuiu.DikanovAA.Sprint6.Task1.V25", "Tyuiu.DikanovAA.Sprint6.Task1.V25\Tyuiu.DikanovAA.Sprint6.Task1.V25.csproj", "{A9836364-FB45-4CFE-9E04-F8C9D21EEA24}"
EndProject
Project("{2150E333-8FDC-42A3-9474-1A3956D46DE8}") = "Task2", "Task2", "{C294A7FA-A3D8-4240-9A69-D773293C9FBB}"
EndProject
Project("{9A19103F-16F7-4668-BE54-9A1E7A4F7556}") = "Tyuiu.DikanovAA.Sprint6.Task2.V27", "Tyuiu.DikanovAA.Sprint6.Task2.V27\Tyuiu.DikanovAA.Sprint6.Task2.V27.csproj", "{E48EA044-537C-4F28-A491-751067F6812B}"
EndProject
Project("{9A19103F-16F7-4668-BE54-9A1E7A4F7556}") = "Tyuiu.DikanovAA.Sprint6.Task2.V27.Lib", "Tyuiu.DikanovAA.Sprint6.Task2.V27.Lib\Tyuiu.DikanovAA.Sprint6.Task2.V27.Lib.csproj", "{B12C61FD-8ADD-4F4E-9AFB-7E114A020714}"
EndProject
Project("{9A19103F-16F7-4668-BE54-9A1E7A4F7556}") = "Tyuiu.DikanovAA.Sprint6.Task2.V27.Test", "Tyuiu.DikanovAA.Sprint6.Task2.V27.Test\Tyuiu.DikanovAA.Sprint6.Task2.V27.Test.csproj", "{54E138E5-8D43-4409-B617-A73F33344910}"
EndProject
Project("{2150E333-8FDC-42A3-9474-1A3956D46DE8}") = "Task3", "Task3", "{F8BCE939-4F4D-4965-B9C0-F73366CBEA28}"
EndProject
Project("{9A19103F-16F7-4668-BE54-9A1E7A4F7556}") = "Tyuiu.DikanovAA.Sprint6.Task3.V19", "Tyuiu.DikanovAA.Sprint6.Task3.V19\Tyuiu.DikanovAA.Sprint6.Task3.V19.csproj", "{41C691EC-A055-4852-A842-62E61E637DB7}"
EndProject
Project("{9A19103F-16F7-4668-BE54-9A1E7A4F7556}") = "Tyuiu.DikanovAA.Sprint6.Task3.V19.Lib", "Tyuiu.DikanovAA.Sprint6.Task3.V19.Lib\Tyuiu.DikanovAA.Sprint6.Task3.V19.Lib.csproj", "{D655D614-6A1D-44C0-A0A8-B02F18E587D4}"
EndProject
Project("{9A19103F-16F7-4668-BE54-9A1E7A4F7556}") = "Tyuiu.DikanovAA.Sprint6.Task3.V19.Test", "Tyuiu.DikanovAA.Sprint6.Task3.V19.Test\Tyuiu.DikanovAA.Sprint6.Task3.V19.Test.csproj", "{B95F8EEF-1C80-4B27-9041-FC6D7EC6A5B8}"
EndProject
Project("{2150E333-8FDC-42A3-9474-1A3956D46DE8}") = "Task4", "Task4", "{F50BF5D2-FEA8-4084-86F6-677624C3BC4F}"
EndProject
Project("{9A19103F-16F7-4668-BE54-9A1E7A4F7556}") = "Tyuiu.DikanovAA.Sprint6.Task4.V28", "Tyuiu.DikanovAA.Sprint6.Task4.V28\Tyuiu.DikanovAA.Sprint6.Task4.V28.csproj", "{64A4A1E4-6CEE-4BF6-96BD-87AFFFAD4F4C}"
EndProject
Project("{9A19103F-16F7-4668-BE54-9A1E7A4F7556}") = "Tyuiu.DikanovAA.Sprint6.Task4.V28.Lib", "Tyuiu.DikanovAA.Sprint6.Task4.V28.Lib\Tyuiu.DikanovAA.Sprint6.Task4.V28.Lib.csproj", "{4BAE85D6-411C-4FDD-939D-725E09346994}"
EndProject
Project("{9A19103F-16F7-4668-BE54-9A1E7A4F7556}") = "Tyuiu.DikanovAA.Sprint6.Task4.V28.Test", "Tyuiu.DikanovAA.Sprint6.Task4.V28.Test\Tyuiu.DikanovAA.Sprint6.Task4.V28.Test.csproj", "{BE0D0DA7-0EC8-489A-8E65-FCC9AEE6A95F}"
EndProject
Project("{2150E333-8FDC-42A3-9474-1A3956D46DE8}") = "Task5", "Task5", "{6CBAF3B3-DA2E-41B2-BF5B-DE7EA8AF80B7}"
EndProject
Project("{9A19103F-16F7-4668-BE54-9A1E7A4F7556}") = "Tyuiu.DikanovAA.Sprint6.Task5.V2", "Tyuiu.DikanovAA.Sprint6.Task5.V2\Tyuiu.DikanovAA.Sprint6.Task5.V2.csproj", "{A5F65B3D-72B2-49DB-B014-1C723000B895}"
EndProject
Project("{9A19103F-16F7-4668-BE54-9A1E7A4F7556}") = "Tyuiu.DikanovAA.Sprint6.Task5.V2.Lib", "Tyuiu.DikanovAA.Sprint6.Task5.V2.Lib\Tyuiu.DikanovAA.Sprint6.Task5.V2.Lib.csproj", "{25ADCF03-37A8-49B6-A9FA-4C45817463A6}"
EndProject
Project("{9A19103F-16F7-4668-BE54-9A1E7A4F7556}") = "Tyuiu.DikanovAA.Sprint6.Task5.V2.Test", "Tyuiu.DikanovAA.Sprint6.Task5.V2.Test\Tyuiu.DikanovAA.Sprint6.Task5.V2.Test.csproj", "{6C820CD0-1BD0-416A-BB40-124E15CA79F3}"
EndProject
Project("{2150E333-8FDC-42A3-9474-1A3956D46DE8}") = "Task6", "Task6", "{B6779B74-4F1A-4C26-86D6-B931FA341454}"
EndProject
Project("{9A19103F-16F7-4668-BE54-9A1E7A4F7556}") = "Tyuiu.DikanovAA.Sprint6.Task6.V22", "Tyuiu.DikanovAA.Sprint6.Task6.V22\Tyuiu.DikanovAA.Sprint6.Task6.V22.csproj", "{77C85CA7-4D14-410C-B8C9-448DD277A51B}"
EndProject
Project("{9A19103F-16F7-4668-BE54-9A1E7A4F7556}") = "Tyuiu.DikanovAA.Sprint6.Task6.V22.Lib", "Tyuiu.DikanovAA.Sprint6.Task6.V22.Lib\Tyuiu.DikanovAA.Sprint6.Task6.V22.Lib.csproj", "{5EFF5D79-5E8F-44CD-9BC9-3ED3EB2A030A}"
EndProject
Project("{9A19103F-16F7-4668-BE54-9A1E7A4F7556}") = "Tyuiu.DikanovAA.Sprint6.Task6.V22.Test", "Tyuiu.DikanovAA.Sprint6.Task6.V22.Test\Tyuiu.DikanovAA.Sprint6.Task6.V22.Test.csproj", "{BC8D8D48-C4C6-4E7E-8D95-E5DD3FF3AF38}"
EndProject
Project("{2150E333-8FDC-42A3-9474-1A3956D46DE8}") = "Task7", "Task7", "{2A81BA5C-C17A-4C60-9EFB-D0946534B689}"
EndProject
Project("{FAE04EC0-301F-11D3-BF4B-00C04F79EFBC}") = "Tyuiu.DikanovAA.Sprint6.Task7.V25", "Tyuiu.DikanovAA.Sprint6.Task7.V25\Tyuiu.DikanovAA.Sprint6.Task7.V25.csproj", "{051A3234-EA35-4F50-A7D3-6298B314AD45}"
EndProject
Project("{FAE04EC0-301F-11D3-BF4B-00C04F79EFBC}") = "Tyuiu.DikanovAA.Sprint6.Task7.V25.Lib", "Tyuiu.DikanovAA.Sprint6.Task7.V25.Lib\Tyuiu.DikanovAA.Sprint6.Task7.V25.Lib.csproj", "{4BB379E4-027A-432C-A596-5AD1C0BC1AA5}"
EndProject
Project("{FAE04EC0-301F-11D3-BF4B-00C04F79EFBC}") = "Tyuiu.DikanovAA.Sprint6.Task7.V25.Test", "Tyuiu.DikanovAA.Sprint6.Task7.V25.Test\Tyuiu.DikanovAA.Sprint6.Task7.V25.Test.csproj", "{D3361793-27E0-4BB3-8370-36C72E55B346}"
EndProject
Global
	GlobalSection(SolutionConfigurationPlatforms) = preSolution
		Debug|Any CPU = Debug|Any CPU
		Release|Any CPU = Release|Any CPU
	EndGlobalSection
	GlobalSection(ProjectConfigurationPlatforms) = postSolution
		{233D9CF8-19F8-4CE3-8C6A-BDC14B2A1B86}.Debug|Any CPU.ActiveCfg = Debug|Any CPU
		{233D9CF8-19F8-4CE3-8C6A-BDC14B2A1B86}.Debug|Any CPU.Build.0 = Debug|Any CPU
		{233D9CF8-19F8-4CE3-8C6A-BDC14B2A1B86}.Release|Any CPU.ActiveCfg = Release|Any CPU
		{233D9CF8-19F8-4CE3-8C6A-BDC14B2A1B86}.Release|Any CPU.Build.0 = Release|Any CPU
		{3D9AA220-0FC4-48F7-B3E4-40274E8A0227}.Debug|Any CPU.ActiveCfg = Debug|Any CPU
		{3D9AA220-0FC4-48F7-B3E4-40274E8A0227}.Debug|Any CPU.Build.0 = Debug|Any CPU
		{3D9AA220-0FC4-48F7-B3E4-40274E8A0227}.Release|Any CPU.ActiveCfg = Release|Any CPU
		{3D9AA220-0FC4-48F7-B3E4-40274E8A0227}.Release|Any CPU.Build.0 = Release|Any CPU
		{D0ABBF6A-1982-445B-A13F-ADC9823D79C9}.Debug|Any CPU.ActiveCfg = Debug|Any CPU
		{D0ABBF6A-1982-445B-A13F-ADC9823D79C9}.Debug|Any CPU.Build.0 = Debug|Any CPU
		{D0ABBF6A-1982-445B-A13F-ADC9823D79C9}.Release|Any CPU.ActiveCfg = Release|Any CPU
		{D0ABBF6A-1982-445B-A13F-ADC9823D79C9}.Release|Any CPU.Build.0 = Release|Any CPU
		{BCB0D903-E1B1-4F45-89A8-31E9366A6F58}.Debug|Any CPU.ActiveCfg = Debug|Any CPU
		{BCB0D903-E1B1-4F45-89A8-31E9366A6F58}.Debug|Any CPU.Build.0 = Debug|Any CPU
		{BCB0D903-E1B1-4F45-89A8-31E9366A6F58}.Release|Any CPU.ActiveCfg = Release|Any CPU
		{BCB0D903-E1B1-4F45-89A8-31E9366A6F58}.Release|Any CPU.Build.0 = Release|Any CPU
		{D54B3649-D28C-4940-8083-D22AB19FB997}.Debug|Any CPU.ActiveCfg = Debug|Any CPU
		{D54B3649-D28C-4940-8083-D22AB19FB997}.Debug|Any CPU.Build.0 = Debug|Any CPU
		{D54B3649-D28C-4940-8083-D22AB19FB997}.Release|Any CPU.ActiveCfg = Release|Any CPU
		{D54B3649-D28C-4940-8083-D22AB19FB997}.Release|Any CPU.Build.0 = Release|Any CPU
		{A9836364-FB45-4CFE-9E04-F8C9D21EEA24}.Debug|Any CPU.ActiveCfg = Debug|Any CPU
		{A9836364-FB45-4CFE-9E04-F8C9D21EEA24}.Debug|Any CPU.Build.0 = Debug|Any CPU
		{A9836364-FB45-4CFE-9E04-F8C9D21EEA24}.Release|Any CPU.ActiveCfg = Release|Any CPU
		{A9836364-FB45-4CFE-9E04-F8C9D21EEA24}.Release|Any CPU.Build.0 = Release|Any CPU
		{E48EA044-537C-4F28-A491-751067F6812B}.Debug|Any CPU.ActiveCfg = Debug|Any CPU
		{E48EA044-537C-4F28-A491-751067F6812B}.Debug|Any CPU.Build.0 = Debug|Any CPU
		{E48EA044-537C-4F28-A491-751067F6812B}.Release|Any CPU.ActiveCfg = Release|Any CPU
		{E48EA044-537C-4F28-A491-751067F6812B}.Release|Any CPU.Build.0 = Release|Any CPU
		{B12C61FD-8ADD-4F4E-9AFB-7E114A020714}.Debug|Any CPU.ActiveCfg = Debug|Any CPU
		{B12C61FD-8ADD-4F4E-9AFB-7E114A020714}.Debug|Any CPU.Build.0 = Debug|Any CPU
		{B12C61FD-8ADD-4F4E-9AFB-7E114A020714}.Release|Any CPU.ActiveCfg = Release|Any CPU
		{B12C61FD-8ADD-4F4E-9AFB-7E114A020714}.Release|Any CPU.Build.0 = Release|Any CPU
		{54E138E5-8D43-4409-B617-A73F33344910}.Debug|Any CPU.ActiveCfg = Debug|Any CPU
		{54E138E5-8D43-4409-B617-A73F33344910}.Debug|Any CPU.Build.0 = Debug|Any CPU
		{54E138E5-8D43-4409-B617-A73F33344910}.Release|Any CPU.ActiveCfg = Release|Any CPU
		{54E138E5-8D43-4409-B617-A73F33344910}.Release|Any CPU.Build.0 = Release|Any CPU
		{41C691EC-A055-4852-A842-62E61E637DB7}.Debug|Any CPU.ActiveCfg = Debug|Any CPU
		{41C691EC-A055-4852-A842-62E61E637DB7}.Debug|Any CPU.Build.0 = Debug|Any CPU
		{41C691EC-A055-4852-A842-62E61E637DB7}.Release|Any CPU.ActiveCfg = Release|Any CPU
		{41C691EC-A055-4852-A842-62E61E637DB7}.Release|Any CPU.Build.0 = Release|Any CPU
		{D655D614-6A1D-44C0-A0A8-B02F18E587D4}.Debug|Any CPU.ActiveCfg = Debug|Any CPU
		{D655D614-6A1D-44C0-A0A8-B02F18E587D4}.Debug|Any CPU.Build.0 = Debug|Any CPU
		{D655D614-6A1D-44C0-A0A8-B02F18E587D4}.Release|Any CPU.ActiveCfg = Release|Any CPU
		{D655D614-6A1D-44C0-A0A8-B02F18E587D4}.Release|Any CPU.Build.0 = Release|Any CPU
		{B95F8EEF-1C80-4B27-9041-FC6D7EC6A5B8}.Debug|Any CPU.ActiveCfg = Debug|Any CPU
		{B95F8EEF-1C80-4B27-9041-FC6D7EC6A5B8}.Debug|Any CPU.Build.0 = Debug|Any CPU
		{B95F8EEF-1C80-4B27-9041-FC6D7EC6A5B8}.Release|Any CPU.ActiveCfg = Release|Any CPU
		{B95F8EEF-1C80-4B27-9041-FC6D7EC6A5B8}.Release|Any CPU.Build.0 = Release|Any CPU
		{64A4A1E4-6CEE-4BF6-96BD-87AFFFAD4F4C}.Debug|Any CPU.ActiveCfg = Debug|Any CPU
		{64A4A1E4-6CEE-4BF6-96BD-87AFFFAD4F4C}.Debug|Any CPU.Build.0 = Debug|Any CPU
		{64A4A1E4-6CEE-4BF6-96BD-87AFFFAD4F4C}.Release|Any CPU.ActiveCfg = Release|Any CPU
		{64A4A1E4-6CEE-4BF6-96BD-87AFFFAD4F4C}.Release|Any CPU.Build.0 = Release|Any CPU
		{4BAE85D6-411C-4FDD-939D-725E09346994}.Debug|Any CPU.ActiveCfg = Debug|Any CPU
		{4BAE85D6-411C-4FDD-939D-725E09346994}.Debug|Any CPU.Build.0 = Debug|Any CPU
		{4BAE85D6-411C-4FDD-939D-725E09346994}.Release|Any CPU.ActiveCfg = Release|Any CPU
		{4BAE85D6-411C-4FDD-939D-725E09346994}.Release|Any CPU.Build.0 = Release|Any CPU
		{BE0D0DA7-0EC8-489A-8E65-FCC9AEE6A95F}.Debug|Any CPU.ActiveCfg = Debug|Any CPU
		{BE0D0DA7-0EC8-489A-8E65-FCC9AEE6A95F}.Debug|Any CPU.Build.0 = Debug|Any CPU
		{BE0D0DA7-0EC8-489A-8E65-FCC9AEE6A95F}.Release|Any CPU.ActiveCfg = Release|Any CPU
		{BE0D0DA7-0EC8-489A-8E65-FCC9AEE6A95F}.Release|Any CPU.Build.0 = Release|Any CPU
		{A5F65B3D-72B2-49DB-B014-1C723000B895}.Debug|Any CPU.ActiveCfg = Debug|Any CPU
		{A5F65B3D-72B2-49DB-B014-1C723000B895}.Debug|Any CPU.Build.0 = Debug|Any CPU
		{A5F65B3D-72B2-49DB-B014-1C723000B895}.Release|Any CPU.ActiveCfg = Release|Any CPU
		{A5F65B3D-72B2-49DB-B014-1C723000B895}.Release|Any CPU.Build.0 = Release|Any CPU
		{25ADCF03-37A8-49B6-A9FA-4C45817463A6}.Debug|Any CPU.ActiveCfg = Debug|Any CPU
		{25ADCF03-37A8-49B6-A9FA-4C45817463A6}.Debug|Any CPU.Build.0 = Debug|Any CPU
		{25ADCF03-37A8-49B6-A9FA-4C45817463A6}.Release|Any CPU.ActiveCfg = Release|Any CPU
		{25ADCF03-37A8-49B6-A9FA-4C45817463A6}.Release|Any CPU.Build.0 = Release|Any CPU
		{6C820CD0-1BD0-416A-BB40-124E15CA79F3}.Debug|Any CPU.ActiveCfg = Debug|Any CPU
		{6C820CD0-1BD0-416A-BB40-124E15CA79F3}.Debug|Any CPU.Build.0 = Debug|Any CPU
		{6C820CD0-1BD0-416A-BB40-124E15CA79F3}.Release|Any CPU.ActiveCfg = Release|Any CPU
		{6C820CD0-1BD0-416A-BB40-124E15CA79F3}.Release|Any CPU.Build.0 = Release|Any CPU
		{77C85CA7-4D14-410C-B8C9-448DD277A51B}.Debug|Any CPU.ActiveCfg = Debug|Any CPU
		{77C85CA7-4D14-410C-B8C9-448DD277A51B}.Debug|Any CPU.Build.0 = Debug|Any CPU
		{77C85CA7-4D14-410C-B8C9-448DD277A51B}.Release|Any CPU.ActiveCfg = Release|Any CPU
		{77C85CA7-4D14-410C-B8C9-448DD277A51B}.Release|Any CPU.Build.0 = Release|Any CPU
		{5EFF5D79-5E8F-44CD-9BC9-3ED3EB2A030A}.Debug|Any CPU.ActiveCfg = Debug|Any CPU
		{5EFF5D79-5E8F-44CD-9BC9-3ED3EB2A030A}.Debug|Any CPU.Build.0 = Debug|Any CPU
		{5EFF5D79-5E8F-44CD-9BC9-3ED3EB2A030A}.Release|Any CPU.ActiveCfg = Release|Any CPU
		{5EFF5D79-5E8F-44CD-9BC9-3ED3EB2A030A}.Release|Any CPU.Build.0 = Release|Any CPU
		{BC8D8D48-C4C6-4E7E-8D95-E5DD3FF3AF38}.Debug|Any CPU.ActiveCfg = Debug|Any CPU
		{BC8D8D48-C4C6-4E7E-8D95-E5DD3FF3AF38}.Debug|Any CPU.Build.0 = Debug|Any CPU
		{BC8D8D48-C4C6-4E7E-8D95-E5DD3FF3AF38}.Release|Any CPU.ActiveCfg = Release|Any CPU
		{BC8D8D48-C4C6-4E7E-8D95-E5DD3FF3AF38}.Release|Any CPU.Build.0 = Release|Any CPU
		{051A3234-EA35-4F50-A7D3-6298B314AD45}.Debug|Any CPU.ActiveCfg = Debug|Any CPU
		{051A3234-EA35-4F50-A7D3-6298B314AD45}.Debug|Any CPU.Build.0 = Debug|Any CPU
		{051A3234-EA35-4F50-A7D3-6298B314AD45}.Release|Any CPU.ActiveCfg = Release|Any CPU
		{051A3234-EA35-4F50-A7D3-6298B314AD45}.Release|Any CPU.Build.0 = Release|Any CPU
		{4BB379E4-027A-432C-A596-5AD1C0BC1AA5}.Debug|Any CPU.ActiveCfg = Debug|Any CPU
		{4BB379E4-027A-432C-A596-5AD1C0BC1AA5}.Debug|Any CPU.Build.0 = Debug|Any CPU
		{4BB379E4-027A-432C-A596-5AD1C0BC1AA5}.Release|Any CPU.ActiveCfg = Release|Any CPU
		{4BB379E4-027A-432C-A596-5AD1C0BC1AA5}.Release|Any CPU.Build.0 = Release|Any CPU
		{D3361793-27E0-4BB3-8370-36C72E55B346}.Debug|Any CPU.ActiveCfg = Debug|Any CPU
		{D3361793-27E0-4BB3-8370-36C72E55B346}.Debug|Any CPU.Build.0 = Debug|Any CPU
		{D3361793-27E0-4BB3-8370-36C72E55B346}.Release|Any CPU.ActiveCfg = Release|Any CPU
		{D3361793-27E0-4BB3-8370-36C72E55B346}.Release|Any CPU.Build.0 = Release|Any CPU
	EndGlobalSection
	GlobalSection(SolutionProperties) = preSolution
		HideSolutionNode = FALSE
	EndGlobalSection
	GlobalSection(NestedProjects) = preSolution
		{233D9CF8-19F8-4CE3-8C6A-BDC14B2A1B86} = {2D77219B-07EE-4F53-B8E3-171715294BC9}
		{3D9AA220-0FC4-48F7-B3E4-40274E8A0227} = {2D77219B-07EE-4F53-B8E3-171715294BC9}
		{D0ABBF6A-1982-445B-A13F-ADC9823D79C9} = {2D77219B-07EE-4F53-B8E3-171715294BC9}
		{BCB0D903-E1B1-4F45-89A8-31E9366A6F58} = {4031F28D-AAFF-48B9-B337-C2920C1F5327}
		{D54B3649-D28C-4940-8083-D22AB19FB997} = {4031F28D-AAFF-48B9-B337-C2920C1F5327}
		{A9836364-FB45-4CFE-9E04-F8C9D21EEA24} = {4031F28D-AAFF-48B9-B337-C2920C1F5327}
		{E48EA044-537C-4F28-A491-751067F6812B} = {C294A7FA-A3D8-4240-9A69-D773293C9FBB}
		{B12C61FD-8ADD-4F4E-9AFB-7E114A020714} = {C294A7FA-A3D8-4240-9A69-D773293C9FBB}
		{54E138E5-8D43-4409-B617-A73F33344910} = {C294A7FA-A3D8-4240-9A69-D773293C9FBB}
		{41C691EC-A055-4852-A842-62E61E637DB7} = {F8BCE939-4F4D-4965-B9C0-F73366CBEA28}
		{D655D614-6A1D-44C0-A0A8-B02F18E587D4} = {F8BCE939-4F4D-4965-B9C0-F73366CBEA28}
		{B95F8EEF-1C80-4B27-9041-FC6D7EC6A5B8} = {F8BCE939-4F4D-4965-B9C0-F73366CBEA28}
		{64A4A1E4-6CEE-4BF6-96BD-87AFFFAD4F4C} = {F50BF5D2-FEA8-4084-86F6-677624C3BC4F}
		{4BAE85D6-411C-4FDD-939D-725E09346994} = {F50BF5D2-FEA8-4084-86F6-677624C3BC4F}
		{BE0D0DA7-0EC8-489A-8E65-FCC9AEE6A95F} = {F50BF5D2-FEA8-4084-86F6-677624C3BC4F}
		{A5F65B3D-72B2-49DB-B014-1C723000B895} = {6CBAF3B3-DA2E-41B2-BF5B-DE7EA8AF80B7}
		{25ADCF03-37A8-49B6-A9FA-4C45817463A6} = {6CBAF3B3-DA2E-41B2-BF5B-DE7EA8AF80B7}
		{6C820CD0-1BD0-416A-BB40-124E15CA79F3} = {6CBAF3B3-DA2E-41B2-BF5B-DE7EA8AF80B7}
		{77C85CA7-4D14-410C-B8C9-448DD277A51B} = {B6779B74-4F1A-4C26-86D6-B931FA341454}
		{5EFF5D79-5E8F-44CD-9BC9-3ED3EB2A030A} = {B6779B74-4F1A-4C26-86D6-B931FA341454}
		{BC8D8D48-C4C6-4E7E-8D95-E5DD3FF3AF38} = {B6779B74-4F1A-4C26-86D6-B931FA341454}
		{051A3234-EA35-4F50-A7D3-6298B314AD45} = {2A81BA5C-C17A-4C60-9EFB-D0946534B689}
		{4BB379E4-027A-432C-A596-5AD1C0BC1AA5} = {2A81BA5C-C17A-4C60-9EFB-D0946534B689}
		{D3361793-27E0-4BB3-8370-36C72E55B346} = {2A81BA5C-C17A-4C60-9EFB-D0946534B689}
	EndGlobalSection
	GlobalSection(ExtensibilityGlobals) = postSolution
		SolutionGuid = {2BE16ED6-3628-40FD-A5DC-68406E414A38}
	EndGlobalSection
EndGlobal
